
Microsoft Visual Studio Solution File, Format Version 12.00
# Visual Studio Version 16
VisualStudioVersion = 16.0.809.10
MinimumVisualStudioVersion = 10.0.40219.1
Project("{FAE04EC0-301F-11D3-BF4B-00C04F79EFBC}") = "FormationCesiDi2020", "FormationCesiDi2020\FormationCesiDi2020.csproj", "{6FD8ABFA-2C28-4649-B1A5-FE843E176880}"
EndProject
Project("{2150E333-8FDC-42A3-9474-1A3956D46DE8}") = "Solution Items", "Solution Items", "{89CE2BD6-7104-4F6F-ACD7-71E4A0770465}"
	ProjectSection(SolutionItems) = preProject
		Exercices.txt = Exercices.txt
	EndProjectSection
EndProject
Project("{FAE04EC0-301F-11D3-BF4B-00C04F79EFBC}") = "CompteBancaire", "CompteBancaire\CompteBancaire.csproj", "{8D979B31-DA81-43A6-9FD4-B21B39A65995}"
EndProject
Project("{FAE04EC0-301F-11D3-BF4B-00C04F79EFBC}") = "coursWeb", "coursWeb\coursWeb.csproj", "{0D2F6DFE-8260-409B-9020-66FFF42CAABB}"
EndProject
Global
	GlobalSection(SolutionConfigurationPlatforms) = preSolution
		Debug|Any CPU = Debug|Any CPU
		Release|Any CPU = Release|Any CPU
	EndGlobalSection
	GlobalSection(ProjectConfigurationPlatforms) = postSolution
		{6FD8ABFA-2C28-4649-B1A5-FE843E176880}.Debug|Any CPU.ActiveCfg = Debug|Any CPU
		{6FD8ABFA-2C28-4649-B1A5-FE843E176880}.Debug|Any CPU.Build.0 = Debug|Any CPU
		{6FD8ABFA-2C28-4649-B1A5-FE843E176880}.Release|Any CPU.ActiveCfg = Release|Any CPU
		{6FD8ABFA-2C28-4649-B1A5-FE843E176880}.Release|Any CPU.Build.0 = Release|Any CPU
		{8D979B31-DA81-43A6-9FD4-B21B39A65995}.Debug|Any CPU.ActiveCfg = Debug|Any CPU
		{8D979B31-DA81-43A6-9FD4-B21B39A65995}.Debug|Any CPU.Build.0 = Debug|Any CPU
		{8D979B31-DA81-43A6-9FD4-B21B39A65995}.Release|Any CPU.ActiveCfg = Release|Any CPU
		{8D979B31-DA81-43A6-9FD4-B21B39A65995}.Release|Any CPU.Build.0 = Release|Any CPU
		{0D2F6DFE-8260-409B-9020-66FFF42CAABB}.Debug|Any CPU.ActiveCfg = Debug|Any CPU
		{0D2F6DFE-8260-409B-9020-66FFF42CAABB}.Debug|Any CPU.Build.0 = Debug|Any CPU
		{0D2F6DFE-8260-409B-9020-66FFF42CAABB}.Release|Any CPU.ActiveCfg = Release|Any CPU
		{0D2F6DFE-8260-409B-9020-66FFF42CAABB}.Release|Any CPU.Build.0 = Release|Any CPU
	EndGlobalSection
	GlobalSection(SolutionProperties) = preSolution
		HideSolutionNode = FALSE
	EndGlobalSection
	GlobalSection(ExtensibilityGlobals) = postSolution
		SolutionGuid = {EF2B1778-2556-4A18-8600-01C2A88A771C}
	EndGlobalSection
EndGlobal
